
Microsoft Visual Studio Solution File, Format Version 12.00
# Visual Studio Version 16
VisualStudioVersion = 16.0.31025.194
MinimumVisualStudioVersion = 10.0.40219.1
Project("{2150E333-8FDC-42A3-9474-1A3956D46DE8}") = "OrganizaDespensa.Api", "OrganizaDespensa.Api", "{D45BF086-2FEE-4806-B194-35F291E5C7B6}"
EndProject
Project("{9A19103F-16F7-4668-BE54-9A1E7A4F7556}") = "OrganizaDespensa.Api", "OrganizaDespensa.Api\OrganizaDespensa.Api.csproj", "{E710C2D4-00CD-446F-A390-C1D52BA04DBF}"
EndProject
Project("{2150E333-8FDC-42A3-9474-1A3956D46DE8}") = "UserOperations.Core", "UserOperations.Core", "{FB9A770B-A5C9-4FE5-B893-9332897C7B41}"
EndProject
Project("{9A19103F-16F7-4668-BE54-9A1E7A4F7556}") = "UserOperations.Core", "OperacoesDeUsuario.Core\OperacoesDeUsuario.Core\UserOperations.Core.csproj", "{C42221D3-A3DB-43B7-B1C9-3408C283A3C5}"
EndProject
Project("{2150E333-8FDC-42A3-9474-1A3956D46DE8}") = "CategoryOperations.Core", "CategoryOperations.Core", "{0891AF4A-05AA-411F-BFA5-5B3257BDFB32}"
EndProject
Project("{9A19103F-16F7-4668-BE54-9A1E7A4F7556}") = "CategoryOperations.Core", "OperacoesDeUsuario.Domain\OperacoesDeUsuario.Domain\CategoryOperations.Core.csproj", "{0F667006-0D0E-487A-A465-41322FCA7FF3}"
EndProject
Project("{2150E333-8FDC-42A3-9474-1A3956D46DE8}") = "Solution Items", "Solution Items", "{B1B640AE-448E-4FD0-8A46-305CB7A883F3}"
	ProjectSection(SolutionItems) = preProject
		notes.txt = notes.txt
	EndProjectSection
EndProject
Project("{2150E333-8FDC-42A3-9474-1A3956D46DE8}") = "UserOperations.Infra", "UserOperations.Infra", "{534C0378-DF3E-415A-A543-3301F7036E0C}"
EndProject
Project("{9A19103F-16F7-4668-BE54-9A1E7A4F7556}") = "UserOperations.Infra", "UserOperations.Infra\UserOperations.Infra.csproj", "{DEA68F6F-8389-407A-B848-0DDFB9B04785}"
EndProject
Project("{2150E333-8FDC-42A3-9474-1A3956D46DE8}") = "CategoryOperations.Infra", "CategoryOperations.Infra", "{785B0318-DAF4-45AA-B216-2A2AD0500691}"
EndProject
Project("{2150E333-8FDC-42A3-9474-1A3956D46DE8}") = "OrganizaDespensa.Infra.Core", "OrganizaDespensa.Infra.Core", "{E22E03E0-6D68-4EAB-85B6-46A2A44B0949}"
EndProject
Project("{FAE04EC0-301F-11D3-BF4B-00C04F79EFBC}") = "OrganizaDespesa.Infra.Core", "OrganizaDespesa.Infra.Core\OrganizaDespesa.Infra.Core.csproj", "{3E18EC8E-6791-4FB2-A8E5-D2CD13E01D3E}"
EndProject
Project("{FAE04EC0-301F-11D3-BF4B-00C04F79EFBC}") = "CategoryOperations.Infra", "CategoryOperations.Infra\CategoryOperations.Infra.csproj", "{E3CB74AE-E96C-4473-9B66-5D4A9E90050D}"
EndProject
Project("{2150E333-8FDC-42A3-9474-1A3956D46DE8}") = "ProductOperations.Core", "ProductOperations.Core", "{0A357DC2-8A8A-445E-9C60-84C8FF6F4B02}"
EndProject
Project("{FAE04EC0-301F-11D3-BF4B-00C04F79EFBC}") = "ProductOperations.Core", "ProductOperations.Core\ProductOperations.Core.csproj", "{6516A7D3-E208-4DD3-98C0-251101AAC336}"
EndProject
Global
	GlobalSection(SolutionConfigurationPlatforms) = preSolution
		Debug|Any CPU = Debug|Any CPU
		Release|Any CPU = Release|Any CPU
	EndGlobalSection
	GlobalSection(ProjectConfigurationPlatforms) = postSolution
		{E710C2D4-00CD-446F-A390-C1D52BA04DBF}.Debug|Any CPU.ActiveCfg = Debug|Any CPU
		{E710C2D4-00CD-446F-A390-C1D52BA04DBF}.Debug|Any CPU.Build.0 = Debug|Any CPU
		{E710C2D4-00CD-446F-A390-C1D52BA04DBF}.Release|Any CPU.ActiveCfg = Release|Any CPU
		{E710C2D4-00CD-446F-A390-C1D52BA04DBF}.Release|Any CPU.Build.0 = Release|Any CPU
		{C42221D3-A3DB-43B7-B1C9-3408C283A3C5}.Debug|Any CPU.ActiveCfg = Debug|Any CPU
		{C42221D3-A3DB-43B7-B1C9-3408C283A3C5}.Debug|Any CPU.Build.0 = Debug|Any CPU
		{C42221D3-A3DB-43B7-B1C9-3408C283A3C5}.Release|Any CPU.ActiveCfg = Release|Any CPU
		{C42221D3-A3DB-43B7-B1C9-3408C283A3C5}.Release|Any CPU.Build.0 = Release|Any CPU
		{0F667006-0D0E-487A-A465-41322FCA7FF3}.Debug|Any CPU.ActiveCfg = Debug|Any CPU
		{0F667006-0D0E-487A-A465-41322FCA7FF3}.Debug|Any CPU.Build.0 = Debug|Any CPU
		{0F667006-0D0E-487A-A465-41322FCA7FF3}.Release|Any CPU.ActiveCfg = Release|Any CPU
		{0F667006-0D0E-487A-A465-41322FCA7FF3}.Release|Any CPU.Build.0 = Release|Any CPU
		{DEA68F6F-8389-407A-B848-0DDFB9B04785}.Debug|Any CPU.ActiveCfg = Debug|Any CPU
		{DEA68F6F-8389-407A-B848-0DDFB9B04785}.Debug|Any CPU.Build.0 = Debug|Any CPU
		{DEA68F6F-8389-407A-B848-0DDFB9B04785}.Release|Any CPU.ActiveCfg = Release|Any CPU
		{DEA68F6F-8389-407A-B848-0DDFB9B04785}.Release|Any CPU.Build.0 = Release|Any CPU
		{3E18EC8E-6791-4FB2-A8E5-D2CD13E01D3E}.Debug|Any CPU.ActiveCfg = Debug|Any CPU
		{3E18EC8E-6791-4FB2-A8E5-D2CD13E01D3E}.Debug|Any CPU.Build.0 = Debug|Any CPU
		{3E18EC8E-6791-4FB2-A8E5-D2CD13E01D3E}.Release|Any CPU.ActiveCfg = Release|Any CPU
		{3E18EC8E-6791-4FB2-A8E5-D2CD13E01D3E}.Release|Any CPU.Build.0 = Release|Any CPU
		{E3CB74AE-E96C-4473-9B66-5D4A9E90050D}.Debug|Any CPU.ActiveCfg = Debug|Any CPU
		{E3CB74AE-E96C-4473-9B66-5D4A9E90050D}.Debug|Any CPU.Build.0 = Debug|Any CPU
		{E3CB74AE-E96C-4473-9B66-5D4A9E90050D}.Release|Any CPU.ActiveCfg = Release|Any CPU
		{E3CB74AE-E96C-4473-9B66-5D4A9E90050D}.Release|Any CPU.Build.0 = Release|Any CPU
		{6516A7D3-E208-4DD3-98C0-251101AAC336}.Debug|Any CPU.ActiveCfg = Debug|Any CPU
		{6516A7D3-E208-4DD3-98C0-251101AAC336}.Debug|Any CPU.Build.0 = Debug|Any CPU
		{6516A7D3-E208-4DD3-98C0-251101AAC336}.Release|Any CPU.ActiveCfg = Release|Any CPU
		{6516A7D3-E208-4DD3-98C0-251101AAC336}.Release|Any CPU.Build.0 = Release|Any CPU
	EndGlobalSection
	GlobalSection(SolutionProperties) = preSolution
		HideSolutionNode = FALSE
	EndGlobalSection
	GlobalSection(NestedProjects) = preSolution
		{E710C2D4-00CD-446F-A390-C1D52BA04DBF} = {D45BF086-2FEE-4806-B194-35F291E5C7B6}
		{C42221D3-A3DB-43B7-B1C9-3408C283A3C5} = {FB9A770B-A5C9-4FE5-B893-9332897C7B41}
		{0F667006-0D0E-487A-A465-41322FCA7FF3} = {0891AF4A-05AA-411F-BFA5-5B3257BDFB32}
		{DEA68F6F-8389-407A-B848-0DDFB9B04785} = {534C0378-DF3E-415A-A543-3301F7036E0C}
		{3E18EC8E-6791-4FB2-A8E5-D2CD13E01D3E} = {E22E03E0-6D68-4EAB-85B6-46A2A44B0949}
		{E3CB74AE-E96C-4473-9B66-5D4A9E90050D} = {785B0318-DAF4-45AA-B216-2A2AD0500691}
		{6516A7D3-E208-4DD3-98C0-251101AAC336} = {0A357DC2-8A8A-445E-9C60-84C8FF6F4B02}
	EndGlobalSection
	GlobalSection(ExtensibilityGlobals) = postSolution
		SolutionGuid = {91AF014D-9FF8-421A-8E78-FE0061340A28}
	EndGlobalSection
EndGlobal
